
Microsoft Visual Studio Solution File, Format Version 12.00
# Visual Studio Version 16
VisualStudioVersion = 16.0.29424.173
MinimumVisualStudioVersion = 10.0.40219.1
Project("{9A19103F-16F7-4668-BE54-9A1E7A4F7556}") = "Booth.PortfolioManager.Domain", "Booth.PortfolioManager.Domain\Booth.PortfolioManager.Domain.csproj", "{D05D91A0-39C6-4B1D-88D4-D6005EA7599B}"
EndProject
Project("{9A19103F-16F7-4668-BE54-9A1E7A4F7556}") = "Booth.PortfolioManager.Domain.Test", "Booth.PortfolioManager.Domain.Test\Booth.PortfolioManager.Domain.Test.csproj", "{B6669529-91CD-41BA-9F81-354B0E6E8BD0}"
EndProject
Global
	GlobalSection(SolutionConfigurationPlatforms) = preSolution
		Debug|Any CPU = Debug|Any CPU
		Release|Any CPU = Release|Any CPU
	EndGlobalSection
	GlobalSection(ProjectConfigurationPlatforms) = postSolution
		{D05D91A0-39C6-4B1D-88D4-D6005EA7599B}.Debug|Any CPU.ActiveCfg = Debug|Any CPU
		{D05D91A0-39C6-4B1D-88D4-D6005EA7599B}.Debug|Any CPU.Build.0 = Debug|Any CPU
		{D05D91A0-39C6-4B1D-88D4-D6005EA7599B}.Release|Any CPU.ActiveCfg = Release|Any CPU
		{D05D91A0-39C6-4B1D-88D4-D6005EA7599B}.Release|Any CPU.Build.0 = Release|Any CPU
		{B6669529-91CD-41BA-9F81-354B0E6E8BD0}.Debug|Any CPU.ActiveCfg = Debug|Any CPU
		{B6669529-91CD-41BA-9F81-354B0E6E8BD0}.Debug|Any CPU.Build.0 = Debug|Any CPU
		{B6669529-91CD-41BA-9F81-354B0E6E8BD0}.Release|Any CPU.ActiveCfg = Release|Any CPU
		{B6669529-91CD-41BA-9F81-354B0E6E8BD0}.Release|Any CPU.Build.0 = Release|Any CPU
	EndGlobalSection
	GlobalSection(SolutionProperties) = preSolution
		HideSolutionNode = FALSE
	EndGlobalSection
	GlobalSection(ExtensibilityGlobals) = postSolution
		SolutionGuid = {0980D4A8-CA9B-4AC2-9B83-74F0B56ABF33}
	EndGlobalSection
EndGlobal
